// !$*UTF8*$!
{
	archiveVersion = 1;
	classes = {
	};
	objectVersion = 46;
	objects = {

/* Begin PBXBuildFile section */
		514642B48C39B5D3D7A7F695 /* Pods_tvOSTests.framework in Frameworks */ = {isa = PBXBuildFile; fileRef = DB64267B4FDDA3B34466977C /* Pods_tvOSTests.framework */; };
		78C2BB7A1CC1A4CC008CD50E /* AppDelegate.swift in Sources */ = {isa = PBXBuildFile; fileRef = 78C2BB791CC1A4CC008CD50E /* AppDelegate.swift */; };
		78C2BB7C1CC1A4CC008CD50E /* ViewController.swift in Sources */ = {isa = PBXBuildFile; fileRef = 78C2BB7B1CC1A4CC008CD50E /* ViewController.swift */; };
		78C2BB7F1CC1A4CC008CD50E /* Main.storyboard in Resources */ = {isa = PBXBuildFile; fileRef = 78C2BB7D1CC1A4CC008CD50E /* Main.storyboard */; };
		78C2BB811CC1A4CC008CD50E /* Assets.xcassets in Resources */ = {isa = PBXBuildFile; fileRef = 78C2BB801CC1A4CC008CD50E /* Assets.xcassets */; };
		78C2BB841CC1A4CC008CD50E /* LaunchScreen.storyboard in Resources */ = {isa = PBXBuildFile; fileRef = 78C2BB821CC1A4CC008CD50E /* LaunchScreen.storyboard */; };
		78C2BB9E1CC1A52B008CD50E /* AppDelegate.swift in Sources */ = {isa = PBXBuildFile; fileRef = 78C2BB9D1CC1A52B008CD50E /* AppDelegate.swift */; };
		78C2BBA01CC1A52B008CD50E /* ViewController.swift in Sources */ = {isa = PBXBuildFile; fileRef = 78C2BB9F1CC1A52B008CD50E /* ViewController.swift */; };
		78C2BBA31CC1A52B008CD50E /* Main.storyboard in Resources */ = {isa = PBXBuildFile; fileRef = 78C2BBA11CC1A52B008CD50E /* Main.storyboard */; };
		78C2BBA51CC1A52B008CD50E /* Assets.xcassets in Resources */ = {isa = PBXBuildFile; fileRef = 78C2BBA41CC1A52B008CD50E /* Assets.xcassets */; };
		78C2BBB01CC1A52B008CD50E /* tvOSTests.swift in Sources */ = {isa = PBXBuildFile; fileRef = 78C2BBAF1CC1A52B008CD50E /* tvOSTests.swift */; };
		78C2BBC01CC1ADEB008CD50E /* GitHubAPI.swift in Sources */ = {isa = PBXBuildFile; fileRef = 78C2BBBF1CC1ADEB008CD50E /* GitHubAPI.swift */; };
		78C2BBC11CC1ADEB008CD50E /* GitHubAPI.swift in Sources */ = {isa = PBXBuildFile; fileRef = 78C2BBBF1CC1ADEB008CD50E /* GitHubAPI.swift */; };
		78C2BBC31CC1B319008CD50E /* ViewControllerSpec.swift in Sources */ = {isa = PBXBuildFile; fileRef = 78C2BBC21CC1B319008CD50E /* ViewControllerSpec.swift */; };
		8E1F4DA0C4028C62C3093417 /* Pods_iOS.framework in Frameworks */ = {isa = PBXBuildFile; fileRef = 80B689C808E072AEDE8CD600 /* Pods_iOS.framework */; };
		EF548CD6C5EADA8753BCDB78 /* Pods_iOSTests.framework in Frameworks */ = {isa = PBXBuildFile; fileRef = F5EBE77261B1F93B69D09C8D /* Pods_iOSTests.framework */; };
		F48DA2F67D4D9220CC695B97 /* Pods_tvOS.framework in Frameworks */ = {isa = PBXBuildFile; fileRef = 31730D79482D0E1FA74259BD /* Pods_tvOS.framework */; };
/* End PBXBuildFile section */

/* Begin PBXContainerItemProxy section */
		78C2BB8B1CC1A4CC008CD50E /* PBXContainerItemProxy */ = {
			isa = PBXContainerItemProxy;
			containerPortal = 78C2BB6C1CC1A4B7008CD50E /* Project object */;
			proxyType = 1;
			remoteGlobalIDString = 78C2BB751CC1A4CC008CD50E;
			remoteInfo = iOS;
		};
		78C2BBAC1CC1A52B008CD50E /* PBXContainerItemProxy */ = {
			isa = PBXContainerItemProxy;
			containerPortal = 78C2BB6C1CC1A4B7008CD50E /* Project object */;
			proxyType = 1;
			remoteGlobalIDString = 78C2BB9A1CC1A52B008CD50E;
			remoteInfo = tvOS;
		};
/* End PBXContainerItemProxy section */

/* Begin PBXFileReference section */
		0CC9796058C8252EEA75D452 /* Pods-iOSTests.debug.xcconfig */ = {isa = PBXFileReference; includeInIndex = 1; lastKnownFileType = text.xcconfig; name = "Pods-iOSTests.debug.xcconfig"; path = "Pods/Target Support Files/Pods-iOSTests/Pods-iOSTests.debug.xcconfig"; sourceTree = "<group>"; };
		31730D79482D0E1FA74259BD /* Pods_tvOS.framework */ = {isa = PBXFileReference; explicitFileType = wrapper.framework; includeInIndex = 0; path = Pods_tvOS.framework; sourceTree = BUILT_PRODUCTS_DIR; };
		35656356DB5AAF67609493B4 /* Pods-tvOS.release.xcconfig */ = {isa = PBXFileReference; includeInIndex = 1; lastKnownFileType = text.xcconfig; name = "Pods-tvOS.release.xcconfig"; path = "Pods/Target Support Files/Pods-tvOS/Pods-tvOS.release.xcconfig"; sourceTree = "<group>"; };
		55E67E5A4AF3F6DD1F7F0253 /* Pods-tvOS.debug.xcconfig */ = {isa = PBXFileReference; includeInIndex = 1; lastKnownFileType = text.xcconfig; name = "Pods-tvOS.debug.xcconfig"; path = "Pods/Target Support Files/Pods-tvOS/Pods-tvOS.debug.xcconfig"; sourceTree = "<group>"; };
		78C2BB761CC1A4CC008CD50E /* iOS.app */ = {isa = PBXFileReference; explicitFileType = wrapper.application; includeInIndex = 0; path = iOS.app; sourceTree = BUILT_PRODUCTS_DIR; };
		78C2BB791CC1A4CC008CD50E /* AppDelegate.swift */ = {isa = PBXFileReference; lastKnownFileType = sourcecode.swift; path = AppDelegate.swift; sourceTree = "<group>"; };
		78C2BB7B1CC1A4CC008CD50E /* ViewController.swift */ = {isa = PBXFileReference; lastKnownFileType = sourcecode.swift; path = ViewController.swift; sourceTree = "<group>"; };
		78C2BB7E1CC1A4CC008CD50E /* Base */ = {isa = PBXFileReference; lastKnownFileType = file.storyboard; name = Base; path = Base.lproj/Main.storyboard; sourceTree = "<group>"; };
		78C2BB801CC1A4CC008CD50E /* Assets.xcassets */ = {isa = PBXFileReference; lastKnownFileType = folder.assetcatalog; path = Assets.xcassets; sourceTree = "<group>"; };
		78C2BB831CC1A4CC008CD50E /* Base */ = {isa = PBXFileReference; lastKnownFileType = file.storyboard; name = Base; path = Base.lproj/LaunchScreen.storyboard; sourceTree = "<group>"; };
		78C2BB851CC1A4CC008CD50E /* Info.plist */ = {isa = PBXFileReference; lastKnownFileType = text.plist.xml; path = Info.plist; sourceTree = "<group>"; };
		78C2BB8A1CC1A4CC008CD50E /* iOSTests.xctest */ = {isa = PBXFileReference; explicitFileType = wrapper.cfbundle; includeInIndex = 0; path = iOSTests.xctest; sourceTree = BUILT_PRODUCTS_DIR; };
		78C2BB901CC1A4CC008CD50E /* Info.plist */ = {isa = PBXFileReference; lastKnownFileType = text.plist.xml; path = Info.plist; sourceTree = "<group>"; };
		78C2BB9B1CC1A52B008CD50E /* tvOS.app */ = {isa = PBXFileReference; explicitFileType = wrapper.application; includeInIndex = 0; path = tvOS.app; sourceTree = BUILT_PRODUCTS_DIR; };
		78C2BB9D1CC1A52B008CD50E /* AppDelegate.swift */ = {isa = PBXFileReference; lastKnownFileType = sourcecode.swift; path = AppDelegate.swift; sourceTree = "<group>"; };
		78C2BB9F1CC1A52B008CD50E /* ViewController.swift */ = {isa = PBXFileReference; lastKnownFileType = sourcecode.swift; path = ViewController.swift; sourceTree = "<group>"; };
		78C2BBA21CC1A52B008CD50E /* Base */ = {isa = PBXFileReference; lastKnownFileType = file.storyboard; name = Base; path = Base.lproj/Main.storyboard; sourceTree = "<group>"; };
		78C2BBA41CC1A52B008CD50E /* Assets.xcassets */ = {isa = PBXFileReference; lastKnownFileType = folder.assetcatalog; path = Assets.xcassets; sourceTree = "<group>"; };
		78C2BBA61CC1A52B008CD50E /* Info.plist */ = {isa = PBXFileReference; lastKnownFileType = text.plist.xml; path = Info.plist; sourceTree = "<group>"; };
		78C2BBAB1CC1A52B008CD50E /* tvOSTests.xctest */ = {isa = PBXFileReference; explicitFileType = wrapper.cfbundle; includeInIndex = 0; path = tvOSTests.xctest; sourceTree = BUILT_PRODUCTS_DIR; };
		78C2BBAF1CC1A52B008CD50E /* tvOSTests.swift */ = {isa = PBXFileReference; lastKnownFileType = sourcecode.swift; path = tvOSTests.swift; sourceTree = "<group>"; };
		78C2BBB11CC1A52B008CD50E /* Info.plist */ = {isa = PBXFileReference; lastKnownFileType = text.plist.xml; path = Info.plist; sourceTree = "<group>"; };
		78C2BBBF1CC1ADEB008CD50E /* GitHubAPI.swift */ = {isa = PBXFileReference; fileEncoding = 4; lastKnownFileType = sourcecode.swift; path = GitHubAPI.swift; sourceTree = "<group>"; };
		78C2BBC21CC1B319008CD50E /* ViewControllerSpec.swift */ = {isa = PBXFileReference; fileEncoding = 4; lastKnownFileType = sourcecode.swift; path = ViewControllerSpec.swift; sourceTree = "<group>"; };
		7A50432EFFE5036B0E0692EC /* Pods-tvOSTests.release.xcconfig */ = {isa = PBXFileReference; includeInIndex = 1; lastKnownFileType = text.xcconfig; name = "Pods-tvOSTests.release.xcconfig"; path = "Pods/Target Support Files/Pods-tvOSTests/Pods-tvOSTests.release.xcconfig"; sourceTree = "<group>"; };
		80B689C808E072AEDE8CD600 /* Pods_iOS.framework */ = {isa = PBXFileReference; explicitFileType = wrapper.framework; includeInIndex = 0; path = Pods_iOS.framework; sourceTree = BUILT_PRODUCTS_DIR; };
		854369D022D256B3C12DAE38 /* Pods-tvOSTests.debug.xcconfig */ = {isa = PBXFileReference; includeInIndex = 1; lastKnownFileType = text.xcconfig; name = "Pods-tvOSTests.debug.xcconfig"; path = "Pods/Target Support Files/Pods-tvOSTests/Pods-tvOSTests.debug.xcconfig"; sourceTree = "<group>"; };
		885D963EB9EC4024054E10B7 /* Pods-iOS.debug.xcconfig */ = {isa = PBXFileReference; includeInIndex = 1; lastKnownFileType = text.xcconfig; name = "Pods-iOS.debug.xcconfig"; path = "Pods/Target Support Files/Pods-iOS/Pods-iOS.debug.xcconfig"; sourceTree = "<group>"; };
		8B8B5EB3A1D29CA9CC0121B7 /* Pods-iOSTests.release.xcconfig */ = {isa = PBXFileReference; includeInIndex = 1; lastKnownFileType = text.xcconfig; name = "Pods-iOSTests.release.xcconfig"; path = "Pods/Target Support Files/Pods-iOSTests/Pods-iOSTests.release.xcconfig"; sourceTree = "<group>"; };
		DB64267B4FDDA3B34466977C /* Pods_tvOSTests.framework */ = {isa = PBXFileReference; explicitFileType = wrapper.framework; includeInIndex = 0; path = Pods_tvOSTests.framework; sourceTree = BUILT_PRODUCTS_DIR; };
		EF637A5CAEA5C482DA338969 /* Pods-iOS.release.xcconfig */ = {isa = PBXFileReference; includeInIndex = 1; lastKnownFileType = text.xcconfig; name = "Pods-iOS.release.xcconfig"; path = "Pods/Target Support Files/Pods-iOS/Pods-iOS.release.xcconfig"; sourceTree = "<group>"; };
		F5EBE77261B1F93B69D09C8D /* Pods_iOSTests.framework */ = {isa = PBXFileReference; explicitFileType = wrapper.framework; includeInIndex = 0; path = Pods_iOSTests.framework; sourceTree = BUILT_PRODUCTS_DIR; };
/* End PBXFileReference section */

/* Begin PBXFrameworksBuildPhase section */
		78C2BB731CC1A4CC008CD50E /* Frameworks */ = {
			isa = PBXFrameworksBuildPhase;
			buildActionMask = 2147483647;
			files = (
				8E1F4DA0C4028C62C3093417 /* Pods_iOS.framework in Frameworks */,
			);
			runOnlyForDeploymentPostprocessing = 0;
		};
		78C2BB871CC1A4CC008CD50E /* Frameworks */ = {
			isa = PBXFrameworksBuildPhase;
			buildActionMask = 2147483647;
			files = (
				EF548CD6C5EADA8753BCDB78 /* Pods_iOSTests.framework in Frameworks */,
			);
			runOnlyForDeploymentPostprocessing = 0;
		};
		78C2BB981CC1A52B008CD50E /* Frameworks */ = {
			isa = PBXFrameworksBuildPhase;
			buildActionMask = 2147483647;
			files = (
				F48DA2F67D4D9220CC695B97 /* Pods_tvOS.framework in Frameworks */,
			);
			runOnlyForDeploymentPostprocessing = 0;
		};
		78C2BBA81CC1A52B008CD50E /* Frameworks */ = {
			isa = PBXFrameworksBuildPhase;
			buildActionMask = 2147483647;
			files = (
				514642B48C39B5D3D7A7F695 /* Pods_tvOSTests.framework in Frameworks */,
			);
			runOnlyForDeploymentPostprocessing = 0;
		};
/* End PBXFrameworksBuildPhase section */

/* Begin PBXGroup section */
		3708B43891A2BCF31B1CD74D /* Frameworks */ = {
			isa = PBXGroup;
			children = (
				80B689C808E072AEDE8CD600 /* Pods_iOS.framework */,
				F5EBE77261B1F93B69D09C8D /* Pods_iOSTests.framework */,
				31730D79482D0E1FA74259BD /* Pods_tvOS.framework */,
				DB64267B4FDDA3B34466977C /* Pods_tvOSTests.framework */,
			);
			name = Frameworks;
			sourceTree = "<group>";
		};
		78C2BB6B1CC1A4B7008CD50E = {
			isa = PBXGroup;
			children = (
				78C2BBBC1CC1AD9F008CD50E /* GitHub */,
				78C2BB781CC1A4CC008CD50E /* iOS */,
				78C2BB8D1CC1A4CC008CD50E /* iOSTests */,
				78C2BB9C1CC1A52B008CD50E /* tvOS */,
				78C2BBAE1CC1A52B008CD50E /* tvOSTests */,
				78C2BB771CC1A4CC008CD50E /* Products */,
				7EC160664DB2A3DC5233117C /* Pods */,
				3708B43891A2BCF31B1CD74D /* Frameworks */,
			);
			sourceTree = "<group>";
		};
		78C2BB771CC1A4CC008CD50E /* Products */ = {
			isa = PBXGroup;
			children = (
				78C2BB761CC1A4CC008CD50E /* iOS.app */,
				78C2BB8A1CC1A4CC008CD50E /* iOSTests.xctest */,
				78C2BB9B1CC1A52B008CD50E /* tvOS.app */,
				78C2BBAB1CC1A52B008CD50E /* tvOSTests.xctest */,
			);
			name = Products;
			sourceTree = "<group>";
		};
		78C2BB781CC1A4CC008CD50E /* iOS */ = {
			isa = PBXGroup;
			children = (
				78C2BB791CC1A4CC008CD50E /* AppDelegate.swift */,
				78C2BB7B1CC1A4CC008CD50E /* ViewController.swift */,
				78C2BB7D1CC1A4CC008CD50E /* Main.storyboard */,
				78C2BB801CC1A4CC008CD50E /* Assets.xcassets */,
				78C2BB821CC1A4CC008CD50E /* LaunchScreen.storyboard */,
				78C2BB851CC1A4CC008CD50E /* Info.plist */,
			);
			path = iOS;
			sourceTree = "<group>";
		};
		78C2BB8D1CC1A4CC008CD50E /* iOSTests */ = {
			isa = PBXGroup;
			children = (
				78C2BB901CC1A4CC008CD50E /* Info.plist */,
				78C2BBC21CC1B319008CD50E /* ViewControllerSpec.swift */,
			);
			path = iOSTests;
			sourceTree = "<group>";
		};
		78C2BB9C1CC1A52B008CD50E /* tvOS */ = {
			isa = PBXGroup;
			children = (
				78C2BB9D1CC1A52B008CD50E /* AppDelegate.swift */,
				78C2BB9F1CC1A52B008CD50E /* ViewController.swift */,
				78C2BBA11CC1A52B008CD50E /* Main.storyboard */,
				78C2BBA41CC1A52B008CD50E /* Assets.xcassets */,
				78C2BBA61CC1A52B008CD50E /* Info.plist */,
			);
			path = tvOS;
			sourceTree = "<group>";
		};
		78C2BBAE1CC1A52B008CD50E /* tvOSTests */ = {
			isa = PBXGroup;
			children = (
				78C2BBAF1CC1A52B008CD50E /* tvOSTests.swift */,
				78C2BBB11CC1A52B008CD50E /* Info.plist */,
			);
			path = tvOSTests;
			sourceTree = "<group>";
		};
		78C2BBBC1CC1AD9F008CD50E /* GitHub */ = {
			isa = PBXGroup;
			children = (
				78C2BBBF1CC1ADEB008CD50E /* GitHubAPI.swift */,
			);
			path = GitHub;
			sourceTree = "<group>";
		};
		7EC160664DB2A3DC5233117C /* Pods */ = {
			isa = PBXGroup;
			children = (
				885D963EB9EC4024054E10B7 /* Pods-iOS.debug.xcconfig */,
				EF637A5CAEA5C482DA338969 /* Pods-iOS.release.xcconfig */,
				0CC9796058C8252EEA75D452 /* Pods-iOSTests.debug.xcconfig */,
				8B8B5EB3A1D29CA9CC0121B7 /* Pods-iOSTests.release.xcconfig */,
				55E67E5A4AF3F6DD1F7F0253 /* Pods-tvOS.debug.xcconfig */,
				35656356DB5AAF67609493B4 /* Pods-tvOS.release.xcconfig */,
				854369D022D256B3C12DAE38 /* Pods-tvOSTests.debug.xcconfig */,
				7A50432EFFE5036B0E0692EC /* Pods-tvOSTests.release.xcconfig */,
			);
			name = Pods;
			sourceTree = "<group>";
		};
/* End PBXGroup section */

/* Begin PBXNativeTarget section */
		78C2BB751CC1A4CC008CD50E /* iOS */ = {
			isa = PBXNativeTarget;
			buildConfigurationList = 78C2BB911CC1A4CC008CD50E /* Build configuration list for PBXNativeTarget "iOS" */;
			buildPhases = (
				E55574C4CE6E7E2969BAAADA /* 📦 Check Pods Manifest.lock */,
				78C2BB721CC1A4CC008CD50E /* Sources */,
				78C2BB731CC1A4CC008CD50E /* Frameworks */,
				78C2BB741CC1A4CC008CD50E /* Resources */,
				DCB16F14E32D374B9063559C /* 📦 Embed Pods Frameworks */,
				923554A0AAEF2D74D1C1F7C4 /* 📦 Copy Pods Resources */,
			);
			buildRules = (
			);
			dependencies = (
			);
			name = iOS;
			productName = iOS;
			productReference = 78C2BB761CC1A4CC008CD50E /* iOS.app */;
			productType = "com.apple.product-type.application";
		};
		78C2BB891CC1A4CC008CD50E /* iOSTests */ = {
			isa = PBXNativeTarget;
			buildConfigurationList = 78C2BB941CC1A4CC008CD50E /* Build configuration list for PBXNativeTarget "iOSTests" */;
			buildPhases = (
				290AEDC898CAB2F1DFD58D5E /* 📦 Check Pods Manifest.lock */,
				78C2BB861CC1A4CC008CD50E /* Sources */,
				78C2BB871CC1A4CC008CD50E /* Frameworks */,
				78C2BB881CC1A4CC008CD50E /* Resources */,
				E463E4E9D0FFB6BB17020A64 /* 📦 Embed Pods Frameworks */,
				C213FEF43B4A1ED086CAA0C7 /* 📦 Copy Pods Resources */,
			);
			buildRules = (
			);
			dependencies = (
				78C2BB8C1CC1A4CC008CD50E /* PBXTargetDependency */,
			);
			name = iOSTests;
			productName = iOSTests;
			productReference = 78C2BB8A1CC1A4CC008CD50E /* iOSTests.xctest */;
			productType = "com.apple.product-type.bundle.unit-test";
		};
		78C2BB9A1CC1A52B008CD50E /* tvOS */ = {
			isa = PBXNativeTarget;
			buildConfigurationList = 78C2BBB21CC1A52B008CD50E /* Build configuration list for PBXNativeTarget "tvOS" */;
			buildPhases = (
				A198F4DE2134FA6FD24AF718 /* 📦 Check Pods Manifest.lock */,
				78C2BB971CC1A52B008CD50E /* Sources */,
				78C2BB981CC1A52B008CD50E /* Frameworks */,
				78C2BB991CC1A52B008CD50E /* Resources */,
				9D3A2200703E4521C7D41E1D /* 📦 Embed Pods Frameworks */,
				978390F4AF1748B74FFE79F1 /* 📦 Copy Pods Resources */,
			);
			buildRules = (
			);
			dependencies = (
			);
			name = tvOS;
			productName = tvOS;
			productReference = 78C2BB9B1CC1A52B008CD50E /* tvOS.app */;
			productType = "com.apple.product-type.application";
		};
		78C2BBAA1CC1A52B008CD50E /* tvOSTests */ = {
			isa = PBXNativeTarget;
			buildConfigurationList = 78C2BBB51CC1A52B008CD50E /* Build configuration list for PBXNativeTarget "tvOSTests" */;
			buildPhases = (
				6ACB36E246947D4F579D8736 /* 📦 Check Pods Manifest.lock */,
				78C2BBA71CC1A52B008CD50E /* Sources */,
				78C2BBA81CC1A52B008CD50E /* Frameworks */,
				78C2BBA91CC1A52B008CD50E /* Resources */,
				75354B5E140C8C943168C1F1 /* 📦 Embed Pods Frameworks */,
				F1B31F67FD42D812F6199345 /* 📦 Copy Pods Resources */,
			);
			buildRules = (
			);
			dependencies = (
				78C2BBAD1CC1A52B008CD50E /* PBXTargetDependency */,
			);
			name = tvOSTests;
			productName = tvOSTests;
			productReference = 78C2BBAB1CC1A52B008CD50E /* tvOSTests.xctest */;
			productType = "com.apple.product-type.bundle.unit-test";
		};
/* End PBXNativeTarget section */

/* Begin PBXProject section */
		78C2BB6C1CC1A4B7008CD50E /* Project object */ = {
			isa = PBXProject;
			attributes = {
				LastSwiftUpdateCheck = 0730;
				LastUpgradeCheck = 0730;
				TargetAttributes = {
					78C2BB751CC1A4CC008CD50E = {
						CreatedOnToolsVersion = 7.3;
					};
					78C2BB891CC1A4CC008CD50E = {
						CreatedOnToolsVersion = 7.3;
						TestTargetID = 78C2BB751CC1A4CC008CD50E;
					};
					78C2BB9A1CC1A52B008CD50E = {
						CreatedOnToolsVersion = 7.3;
					};
					78C2BBAA1CC1A52B008CD50E = {
						CreatedOnToolsVersion = 7.3;
						TestTargetID = 78C2BB9A1CC1A52B008CD50E;
					};
				};
			};
			buildConfigurationList = 78C2BB6F1CC1A4B7008CD50E /* Build configuration list for PBXProject "Zen" */;
			compatibilityVersion = "Xcode 3.2";
			developmentRegion = English;
			hasScannedForEncodings = 0;
			knownRegions = (
				en,
				Base,
			);
			mainGroup = 78C2BB6B1CC1A4B7008CD50E;
			productRefGroup = 78C2BB771CC1A4CC008CD50E /* Products */;
			projectDirPath = "";
			projectRoot = "";
			targets = (
				78C2BB751CC1A4CC008CD50E /* iOS */,
				78C2BB891CC1A4CC008CD50E /* iOSTests */,
				78C2BB9A1CC1A52B008CD50E /* tvOS */,
				78C2BBAA1CC1A52B008CD50E /* tvOSTests */,
			);
		};
/* End PBXProject section */

/* Begin PBXResourcesBuildPhase section */
		78C2BB741CC1A4CC008CD50E /* Resources */ = {
			isa = PBXResourcesBuildPhase;
			buildActionMask = 2147483647;
			files = (
				78C2BB841CC1A4CC008CD50E /* LaunchScreen.storyboard in Resources */,
				78C2BB811CC1A4CC008CD50E /* Assets.xcassets in Resources */,
				78C2BB7F1CC1A4CC008CD50E /* Main.storyboard in Resources */,
			);
			runOnlyForDeploymentPostprocessing = 0;
		};
		78C2BB881CC1A4CC008CD50E /* Resources */ = {
			isa = PBXResourcesBuildPhase;
			buildActionMask = 2147483647;
			files = (
			);
			runOnlyForDeploymentPostprocessing = 0;
		};
		78C2BB991CC1A52B008CD50E /* Resources */ = {
			isa = PBXResourcesBuildPhase;
			buildActionMask = 2147483647;
			files = (
				78C2BBA51CC1A52B008CD50E /* Assets.xcassets in Resources */,
				78C2BBA31CC1A52B008CD50E /* Main.storyboard in Resources */,
			);
			runOnlyForDeploymentPostprocessing = 0;
		};
		78C2BBA91CC1A52B008CD50E /* Resources */ = {
			isa = PBXResourcesBuildPhase;
			buildActionMask = 2147483647;
			files = (
			);
			runOnlyForDeploymentPostprocessing = 0;
		};
/* End PBXResourcesBuildPhase section */

/* Begin PBXShellScriptBuildPhase section */
		290AEDC898CAB2F1DFD58D5E /* 📦 Check Pods Manifest.lock */ = {
			isa = PBXShellScriptBuildPhase;
			buildActionMask = 2147483647;
			files = (
			);
			inputPaths = (
			);
			name = "📦 Check Pods Manifest.lock";
			outputPaths = (
			);
			runOnlyForDeploymentPostprocessing = 0;
			shellPath = /bin/sh;
			shellScript = "diff \"${PODS_ROOT}/../Podfile.lock\" \"${PODS_ROOT}/Manifest.lock\" > /dev/null\nif [[ $? != 0 ]] ; then\n    cat << EOM\nerror: The sandbox is not in sync with the Podfile.lock. Run 'pod install' or update your CocoaPods installation.\nEOM\n    exit 1\nfi\n";
			showEnvVarsInLog = 0;
		};
		6ACB36E246947D4F579D8736 /* 📦 Check Pods Manifest.lock */ = {
			isa = PBXShellScriptBuildPhase;
			buildActionMask = 2147483647;
			files = (
			);
			inputPaths = (
			);
			name = "📦 Check Pods Manifest.lock";
			outputPaths = (
			);
			runOnlyForDeploymentPostprocessing = 0;
			shellPath = /bin/sh;
			shellScript = "diff \"${PODS_ROOT}/../Podfile.lock\" \"${PODS_ROOT}/Manifest.lock\" > /dev/null\nif [[ $? != 0 ]] ; then\n    cat << EOM\nerror: The sandbox is not in sync with the Podfile.lock. Run 'pod install' or update your CocoaPods installation.\nEOM\n    exit 1\nfi\n";
			showEnvVarsInLog = 0;
		};
		75354B5E140C8C943168C1F1 /* 📦 Embed Pods Frameworks */ = {
			isa = PBXShellScriptBuildPhase;
			buildActionMask = 2147483647;
			files = (
			);
			inputPaths = (
			);
			name = "📦 Embed Pods Frameworks";
			outputPaths = (
			);
			runOnlyForDeploymentPostprocessing = 0;
			shellPath = /bin/sh;
			shellScript = "\"${SRCROOT}/Pods/Target Support Files/Pods-tvOSTests/Pods-tvOSTests-frameworks.sh\"\n";
			showEnvVarsInLog = 0;
		};
		923554A0AAEF2D74D1C1F7C4 /* 📦 Copy Pods Resources */ = {
			isa = PBXShellScriptBuildPhase;
			buildActionMask = 2147483647;
			files = (
			);
			inputPaths = (
			);
			name = "📦 Copy Pods Resources";
			outputPaths = (
			);
			runOnlyForDeploymentPostprocessing = 0;
			shellPath = /bin/sh;
			shellScript = "\"${SRCROOT}/Pods/Target Support Files/Pods-iOS/Pods-iOS-resources.sh\"\n";
			showEnvVarsInLog = 0;
		};
		978390F4AF1748B74FFE79F1 /* 📦 Copy Pods Resources */ = {
			isa = PBXShellScriptBuildPhase;
			buildActionMask = 2147483647;
			files = (
			);
			inputPaths = (
			);
			name = "📦 Copy Pods Resources";
			outputPaths = (
			);
			runOnlyForDeploymentPostprocessing = 0;
			shellPath = /bin/sh;
			shellScript = "\"${SRCROOT}/Pods/Target Support Files/Pods-tvOS/Pods-tvOS-resources.sh\"\n";
			showEnvVarsInLog = 0;
		};
		9D3A2200703E4521C7D41E1D /* 📦 Embed Pods Frameworks */ = {
			isa = PBXShellScriptBuildPhase;
			buildActionMask = 2147483647;
			files = (
			);
			inputPaths = (
			);
			name = "📦 Embed Pods Frameworks";
			outputPaths = (
			);
			runOnlyForDeploymentPostprocessing = 0;
			shellPath = /bin/sh;
			shellScript = "\"${SRCROOT}/Pods/Target Support Files/Pods-tvOS/Pods-tvOS-frameworks.sh\"\n";
			showEnvVarsInLog = 0;
		};
		A198F4DE2134FA6FD24AF718 /* 📦 Check Pods Manifest.lock */ = {
			isa = PBXShellScriptBuildPhase;
			buildActionMask = 2147483647;
			files = (
			);
			inputPaths = (
			);
			name = "📦 Check Pods Manifest.lock";
			outputPaths = (
			);
			runOnlyForDeploymentPostprocessing = 0;
			shellPath = /bin/sh;
			shellScript = "diff \"${PODS_ROOT}/../Podfile.lock\" \"${PODS_ROOT}/Manifest.lock\" > /dev/null\nif [[ $? != 0 ]] ; then\n    cat << EOM\nerror: The sandbox is not in sync with the Podfile.lock. Run 'pod install' or update your CocoaPods installation.\nEOM\n    exit 1\nfi\n";
			showEnvVarsInLog = 0;
		};
		C213FEF43B4A1ED086CAA0C7 /* 📦 Copy Pods Resources */ = {
			isa = PBXShellScriptBuildPhase;
			buildActionMask = 2147483647;
			files = (
			);
			inputPaths = (
			);
			name = "📦 Copy Pods Resources";
			outputPaths = (
			);
			runOnlyForDeploymentPostprocessing = 0;
			shellPath = /bin/sh;
			shellScript = "\"${SRCROOT}/Pods/Target Support Files/Pods-iOSTests/Pods-iOSTests-resources.sh\"\n";
			showEnvVarsInLog = 0;
		};
		DCB16F14E32D374B9063559C /* 📦 Embed Pods Frameworks */ = {
			isa = PBXShellScriptBuildPhase;
			buildActionMask = 2147483647;
			files = (
			);
			inputPaths = (
			);
			name = "📦 Embed Pods Frameworks";
			outputPaths = (
			);
			runOnlyForDeploymentPostprocessing = 0;
			shellPath = /bin/sh;
			shellScript = "\"${SRCROOT}/Pods/Target Support Files/Pods-iOS/Pods-iOS-frameworks.sh\"\n";
			showEnvVarsInLog = 0;
		};
		E463E4E9D0FFB6BB17020A64 /* 📦 Embed Pods Frameworks */ = {
			isa = PBXShellScriptBuildPhase;
			buildActionMask = 2147483647;
			files = (
			);
			inputPaths = (
			);
			name = "📦 Embed Pods Frameworks";
			outputPaths = (
			);
			runOnlyForDeploymentPostprocessing = 0;
			shellPath = /bin/sh;
			shellScript = "\"${SRCROOT}/Pods/Target Support Files/Pods-iOSTests/Pods-iOSTests-frameworks.sh\"\n";
			showEnvVarsInLog = 0;
		};
		E55574C4CE6E7E2969BAAADA /* 📦 Check Pods Manifest.lock */ = {
			isa = PBXShellScriptBuildPhase;
			buildActionMask = 2147483647;
			files = (
			);
			inputPaths = (
			);
			name = "📦 Check Pods Manifest.lock";
			outputPaths = (
			);
			runOnlyForDeploymentPostprocessing = 0;
			shellPath = /bin/sh;
			shellScript = "diff \"${PODS_ROOT}/../Podfile.lock\" \"${PODS_ROOT}/Manifest.lock\" > /dev/null\nif [[ $? != 0 ]] ; then\n    cat << EOM\nerror: The sandbox is not in sync with the Podfile.lock. Run 'pod install' or update your CocoaPods installation.\nEOM\n    exit 1\nfi\n";
			showEnvVarsInLog = 0;
		};
		F1B31F67FD42D812F6199345 /* 📦 Copy Pods Resources */ = {
			isa = PBXShellScriptBuildPhase;
			buildActionMask = 2147483647;
			files = (
			);
			inputPaths = (
			);
			name = "📦 Copy Pods Resources";
			outputPaths = (
			);
			runOnlyForDeploymentPostprocessing = 0;
			shellPath = /bin/sh;
			shellScript = "\"${SRCROOT}/Pods/Target Support Files/Pods-tvOSTests/Pods-tvOSTests-resources.sh\"\n";
			showEnvVarsInLog = 0;
		};
/* End PBXShellScriptBuildPhase section */

/* Begin PBXSourcesBuildPhase section */
		78C2BB721CC1A4CC008CD50E /* Sources */ = {
			isa = PBXSourcesBuildPhase;
			buildActionMask = 2147483647;
			files = (
				78C2BB7C1CC1A4CC008CD50E /* ViewController.swift in Sources */,
				78C2BBC01CC1ADEB008CD50E /* GitHubAPI.swift in Sources */,
				78C2BB7A1CC1A4CC008CD50E /* AppDelegate.swift in Sources */,
			);
			runOnlyForDeploymentPostprocessing = 0;
		};
		78C2BB861CC1A4CC008CD50E /* Sources */ = {
			isa = PBXSourcesBuildPhase;
			buildActionMask = 2147483647;
			files = (
				78C2BBC31CC1B319008CD50E /* ViewControllerSpec.swift in Sources */,
			);
			runOnlyForDeploymentPostprocessing = 0;
		};
		78C2BB971CC1A52B008CD50E /* Sources */ = {
			isa = PBXSourcesBuildPhase;
			buildActionMask = 2147483647;
			files = (
				78C2BBA01CC1A52B008CD50E /* ViewController.swift in Sources */,
				78C2BBC11CC1ADEB008CD50E /* GitHubAPI.swift in Sources */,
				78C2BB9E1CC1A52B008CD50E /* AppDelegate.swift in Sources */,
			);
			runOnlyForDeploymentPostprocessing = 0;
		};
		78C2BBA71CC1A52B008CD50E /* Sources */ = {
			isa = PBXSourcesBuildPhase;
			buildActionMask = 2147483647;
			files = (
				78C2BBB01CC1A52B008CD50E /* tvOSTests.swift in Sources */,
			);
			runOnlyForDeploymentPostprocessing = 0;
		};
/* End PBXSourcesBuildPhase section */

/* Begin PBXTargetDependency section */
		78C2BB8C1CC1A4CC008CD50E /* PBXTargetDependency */ = {
			isa = PBXTargetDependency;
			target = 78C2BB751CC1A4CC008CD50E /* iOS */;
			targetProxy = 78C2BB8B1CC1A4CC008CD50E /* PBXContainerItemProxy */;
		};
		78C2BBAD1CC1A52B008CD50E /* PBXTargetDependency */ = {
			isa = PBXTargetDependency;
			target = 78C2BB9A1CC1A52B008CD50E /* tvOS */;
			targetProxy = 78C2BBAC1CC1A52B008CD50E /* PBXContainerItemProxy */;
		};
/* End PBXTargetDependency section */

/* Begin PBXVariantGroup section */
		78C2BB7D1CC1A4CC008CD50E /* Main.storyboard */ = {
			isa = PBXVariantGroup;
			children = (
				78C2BB7E1CC1A4CC008CD50E /* Base */,
			);
			name = Main.storyboard;
			sourceTree = "<group>";
		};
		78C2BB821CC1A4CC008CD50E /* LaunchScreen.storyboard */ = {
			isa = PBXVariantGroup;
			children = (
				78C2BB831CC1A4CC008CD50E /* Base */,
			);
			name = LaunchScreen.storyboard;
			sourceTree = "<group>";
		};
		78C2BBA11CC1A52B008CD50E /* Main.storyboard */ = {
			isa = PBXVariantGroup;
			children = (
				78C2BBA21CC1A52B008CD50E /* Base */,
			);
			name = Main.storyboard;
			sourceTree = "<group>";
		};
/* End PBXVariantGroup section */

/* Begin XCBuildConfiguration section */
		78C2BB701CC1A4B7008CD50E /* Debug */ = {
			isa = XCBuildConfiguration;
			buildSettings = {
			};
			name = Debug;
		};
		78C2BB711CC1A4B7008CD50E /* Release */ = {
			isa = XCBuildConfiguration;
			buildSettings = {
			};
			name = Release;
		};
		78C2BB921CC1A4CC008CD50E /* Debug */ = {
			isa = XCBuildConfiguration;
			baseConfigurationReference = 885D963EB9EC4024054E10B7 /* Pods-iOS.debug.xcconfig */;
			buildSettings = {
				ALWAYS_SEARCH_USER_PATHS = NO;
				ASSETCATALOG_COMPILER_APPICON_NAME = AppIcon;
				CLANG_ANALYZER_NONNULL = YES;
				CLANG_CXX_LANGUAGE_STANDARD = "gnu++0x";
				CLANG_CXX_LIBRARY = "libc++";
				CLANG_ENABLE_MODULES = YES;
				CLANG_ENABLE_OBJC_ARC = YES;
				CLANG_WARN_BOOL_CONVERSION = YES;
				CLANG_WARN_CONSTANT_CONVERSION = YES;
				CLANG_WARN_DIRECT_OBJC_ISA_USAGE = YES_ERROR;
				CLANG_WARN_EMPTY_BODY = YES;
				CLANG_WARN_ENUM_CONVERSION = YES;
				CLANG_WARN_INT_CONVERSION = YES;
				CLANG_WARN_OBJC_ROOT_CLASS = YES_ERROR;
				CLANG_WARN_UNREACHABLE_CODE = YES;
				CLANG_WARN__DUPLICATE_METHOD_MATCH = YES;
				"CODE_SIGN_IDENTITY[sdk=iphoneos*]" = "iPhone Developer";
				COPY_PHASE_STRIP = NO;
				DEBUG_INFORMATION_FORMAT = dwarf;
				ENABLE_STRICT_OBJC_MSGSEND = YES;
				ENABLE_TESTABILITY = YES;
				GCC_C_LANGUAGE_STANDARD = gnu99;
				GCC_DYNAMIC_NO_PIC = NO;
				GCC_NO_COMMON_BLOCKS = YES;
				GCC_OPTIMIZATION_LEVEL = 0;
				GCC_PREPROCESSOR_DEFINITIONS = (
					"DEBUG=1",
					"$(inherited)",
				);
				GCC_WARN_64_TO_32_BIT_CONVERSION = YES;
				GCC_WARN_ABOUT_RETURN_TYPE = YES_ERROR;
				GCC_WARN_UNDECLARED_SELECTOR = YES;
				GCC_WARN_UNINITIALIZED_AUTOS = YES_AGGRESSIVE;
				GCC_WARN_UNUSED_FUNCTION = YES;
				GCC_WARN_UNUSED_VARIABLE = YES;
				INFOPLIST_FILE = iOS/Info.plist;
				IPHONEOS_DEPLOYMENT_TARGET = 9.3;
				LD_RUNPATH_SEARCH_PATHS = "$(inherited) @executable_path/Frameworks";
				MTL_ENABLE_DEBUG_INFO = YES;
				ONLY_ACTIVE_ARCH = YES;
				PRODUCT_BUNDLE_IDENTIFIER = me.overacker.Zen;
				PRODUCT_NAME = "$(TARGET_NAME)";
				SDKROOT = iphoneos;
				SWIFT_OPTIMIZATION_LEVEL = "-Onone";
				TARGETED_DEVICE_FAMILY = "1,2";
			};
			name = Debug;
		};
		78C2BB931CC1A4CC008CD50E /* Release */ = {
			isa = XCBuildConfiguration;
			baseConfigurationReference = EF637A5CAEA5C482DA338969 /* Pods-iOS.release.xcconfig */;
			buildSettings = {
				ALWAYS_SEARCH_USER_PATHS = NO;
				ASSETCATALOG_COMPILER_APPICON_NAME = AppIcon;
				CLANG_ANALYZER_NONNULL = YES;
				CLANG_CXX_LANGUAGE_STANDARD = "gnu++0x";
				CLANG_CXX_LIBRARY = "libc++";
				CLANG_ENABLE_MODULES = YES;
				CLANG_ENABLE_OBJC_ARC = YES;
				CLANG_WARN_BOOL_CONVERSION = YES;
				CLANG_WARN_CONSTANT_CONVERSION = YES;
				CLANG_WARN_DIRECT_OBJC_ISA_USAGE = YES_ERROR;
				CLANG_WARN_EMPTY_BODY = YES;
				CLANG_WARN_ENUM_CONVERSION = YES;
				CLANG_WARN_INT_CONVERSION = YES;
				CLANG_WARN_OBJC_ROOT_CLASS = YES_ERROR;
				CLANG_WARN_UNREACHABLE_CODE = YES;
				CLANG_WARN__DUPLICATE_METHOD_MATCH = YES;
				"CODE_SIGN_IDENTITY[sdk=iphoneos*]" = "iPhone Developer";
				COPY_PHASE_STRIP = NO;
				DEBUG_INFORMATION_FORMAT = "dwarf-with-dsym";
				ENABLE_NS_ASSERTIONS = NO;
				ENABLE_STRICT_OBJC_MSGSEND = YES;
				GCC_C_LANGUAGE_STANDARD = gnu99;
				GCC_NO_COMMON_BLOCKS = YES;
				GCC_WARN_64_TO_32_BIT_CONVERSION = YES;
				GCC_WARN_ABOUT_RETURN_TYPE = YES_ERROR;
				GCC_WARN_UNDECLARED_SELECTOR = YES;
				GCC_WARN_UNINITIALIZED_AUTOS = YES_AGGRESSIVE;
				GCC_WARN_UNUSED_FUNCTION = YES;
				GCC_WARN_UNUSED_VARIABLE = YES;
				INFOPLIST_FILE = iOS/Info.plist;
				IPHONEOS_DEPLOYMENT_TARGET = 9.3;
				LD_RUNPATH_SEARCH_PATHS = "$(inherited) @executable_path/Frameworks";
				MTL_ENABLE_DEBUG_INFO = NO;
				PRODUCT_BUNDLE_IDENTIFIER = me.overacker.Zen;
				PRODUCT_NAME = "$(TARGET_NAME)";
				SDKROOT = iphoneos;
				TARGETED_DEVICE_FAMILY = "1,2";
				VALIDATE_PRODUCT = YES;
			};
			name = Release;
		};
		78C2BB951CC1A4CC008CD50E /* Debug */ = {
			isa = XCBuildConfiguration;
			baseConfigurationReference = 0CC9796058C8252EEA75D452 /* Pods-iOSTests.debug.xcconfig */;
			buildSettings = {
				ALWAYS_SEARCH_USER_PATHS = NO;
				BUNDLE_LOADER = "$(TEST_HOST)";
				CLANG_ANALYZER_NONNULL = YES;
				CLANG_CXX_LANGUAGE_STANDARD = "gnu++0x";
				CLANG_CXX_LIBRARY = "libc++";
				CLANG_ENABLE_MODULES = YES;
				CLANG_ENABLE_OBJC_ARC = YES;
				CLANG_WARN_BOOL_CONVERSION = YES;
				CLANG_WARN_CONSTANT_CONVERSION = YES;
				CLANG_WARN_DIRECT_OBJC_ISA_USAGE = YES_ERROR;
				CLANG_WARN_EMPTY_BODY = YES;
				CLANG_WARN_ENUM_CONVERSION = YES;
				CLANG_WARN_INT_CONVERSION = YES;
				CLANG_WARN_OBJC_ROOT_CLASS = YES_ERROR;
				CLANG_WARN_UNREACHABLE_CODE = YES;
				CLANG_WARN__DUPLICATE_METHOD_MATCH = YES;
				"CODE_SIGN_IDENTITY[sdk=iphoneos*]" = "iPhone Developer";
				COPY_PHASE_STRIP = NO;
				DEBUG_INFORMATION_FORMAT = dwarf;
				ENABLE_STRICT_OBJC_MSGSEND = YES;
				ENABLE_TESTABILITY = YES;
				GCC_C_LANGUAGE_STANDARD = gnu99;
				GCC_DYNAMIC_NO_PIC = NO;
				GCC_NO_COMMON_BLOCKS = YES;
				GCC_OPTIMIZATION_LEVEL = 0;
				GCC_PREPROCESSOR_DEFINITIONS = (
					"DEBUG=1",
					"$(inherited)",
				);
				GCC_WARN_64_TO_32_BIT_CONVERSION = YES;
				GCC_WARN_ABOUT_RETURN_TYPE = YES_ERROR;
				GCC_WARN_UNDECLARED_SELECTOR = YES;
				GCC_WARN_UNINITIALIZED_AUTOS = YES_AGGRESSIVE;
				GCC_WARN_UNUSED_FUNCTION = YES;
				GCC_WARN_UNUSED_VARIABLE = YES;
				INFOPLIST_FILE = iOSTests/Info.plist;
				IPHONEOS_DEPLOYMENT_TARGET = 9.3;
				LD_RUNPATH_SEARCH_PATHS = "$(inherited) @executable_path/Frameworks @loader_path/Frameworks";
				MTL_ENABLE_DEBUG_INFO = YES;
				ONLY_ACTIVE_ARCH = YES;
				PRODUCT_BUNDLE_IDENTIFIER = me.overacker.iOSTests;
				PRODUCT_NAME = "$(TARGET_NAME)";
				SDKROOT = iphoneos;
				SWIFT_OPTIMIZATION_LEVEL = "-Onone";
				TEST_HOST = "$(BUILT_PRODUCTS_DIR)/iOS.app/iOS";
			};
			name = Debug;
		};
		78C2BB961CC1A4CC008CD50E /* Release */ = {
			isa = XCBuildConfiguration;
			baseConfigurationReference = 8B8B5EB3A1D29CA9CC0121B7 /* Pods-iOSTests.release.xcconfig */;
			buildSettings = {
				ALWAYS_SEARCH_USER_PATHS = NO;
				BUNDLE_LOADER = "$(TEST_HOST)";
				CLANG_ANALYZER_NONNULL = YES;
				CLANG_CXX_LANGUAGE_STANDARD = "gnu++0x";
				CLANG_CXX_LIBRARY = "libc++";
				CLANG_ENABLE_MODULES = YES;
				CLANG_ENABLE_OBJC_ARC = YES;
				CLANG_WARN_BOOL_CONVERSION = YES;
				CLANG_WARN_CONSTANT_CONVERSION = YES;
				CLANG_WARN_DIRECT_OBJC_ISA_USAGE = YES_ERROR;
				CLANG_WARN_EMPTY_BODY = YES;
				CLANG_WARN_ENUM_CONVERSION = YES;
				CLANG_WARN_INT_CONVERSION = YES;
				CLANG_WARN_OBJC_ROOT_CLASS = YES_ERROR;
				CLANG_WARN_UNREACHABLE_CODE = YES;
				CLANG_WARN__DUPLICATE_METHOD_MATCH = YES;
				"CODE_SIGN_IDENTITY[sdk=iphoneos*]" = "iPhone Developer";
				COPY_PHASE_STRIP = NO;
				DEBUG_INFORMATION_FORMAT = "dwarf-with-dsym";
				ENABLE_NS_ASSERTIONS = NO;
				ENABLE_STRICT_OBJC_MSGSEND = YES;
				GCC_C_LANGUAGE_STANDARD = gnu99;
				GCC_NO_COMMON_BLOCKS = YES;
				GCC_WARN_64_TO_32_BIT_CONVERSION = YES;
				GCC_WARN_ABOUT_RETURN_TYPE = YES_ERROR;
				GCC_WARN_UNDECLARED_SELECTOR = YES;
				GCC_WARN_UNINITIALIZED_AUTOS = YES_AGGRESSIVE;
				GCC_WARN_UNUSED_FUNCTION = YES;
				GCC_WARN_UNUSED_VARIABLE = YES;
				INFOPLIST_FILE = iOSTests/Info.plist;
				IPHONEOS_DEPLOYMENT_TARGET = 9.3;
				LD_RUNPATH_SEARCH_PATHS = "$(inherited) @executable_path/Frameworks @loader_path/Frameworks";
				MTL_ENABLE_DEBUG_INFO = NO;
				PRODUCT_BUNDLE_IDENTIFIER = me.overacker.iOSTests;
				PRODUCT_NAME = "$(TARGET_NAME)";
				SDKROOT = iphoneos;
				TEST_HOST = "$(BUILT_PRODUCTS_DIR)/iOS.app/iOS";
				VALIDATE_PRODUCT = YES;
			};
			name = Release;
		};
		78C2BBB31CC1A52B008CD50E /* Debug */ = {
			isa = XCBuildConfiguration;
			baseConfigurationReference = 55E67E5A4AF3F6DD1F7F0253 /* Pods-tvOS.debug.xcconfig */;
			buildSettings = {
				ALWAYS_SEARCH_USER_PATHS = NO;
				ASSETCATALOG_COMPILER_APPICON_NAME = "App Icon & Top Shelf Image";
				ASSETCATALOG_COMPILER_LAUNCHIMAGE_NAME = LaunchImage;
				CLANG_ANALYZER_NONNULL = YES;
				CLANG_CXX_LANGUAGE_STANDARD = "gnu++0x";
				CLANG_CXX_LIBRARY = "libc++";
				CLANG_ENABLE_MODULES = YES;
				CLANG_ENABLE_OBJC_ARC = YES;
				CLANG_WARN_BOOL_CONVERSION = YES;
				CLANG_WARN_CONSTANT_CONVERSION = YES;
				CLANG_WARN_DIRECT_OBJC_ISA_USAGE = YES_ERROR;
				CLANG_WARN_EMPTY_BODY = YES;
				CLANG_WARN_ENUM_CONVERSION = YES;
				CLANG_WARN_INT_CONVERSION = YES;
				CLANG_WARN_OBJC_ROOT_CLASS = YES_ERROR;
				CLANG_WARN_UNREACHABLE_CODE = YES;
				CLANG_WARN__DUPLICATE_METHOD_MATCH = YES;
				COPY_PHASE_STRIP = NO;
				DEBUG_INFORMATION_FORMAT = dwarf;
				ENABLE_STRICT_OBJC_MSGSEND = YES;
				ENABLE_TESTABILITY = YES;
				GCC_C_LANGUAGE_STANDARD = gnu99;
				GCC_DYNAMIC_NO_PIC = NO;
				GCC_NO_COMMON_BLOCKS = YES;
				GCC_OPTIMIZATION_LEVEL = 0;
				GCC_PREPROCESSOR_DEFINITIONS = (
					"DEBUG=1",
					"$(inherited)",
				);
				GCC_WARN_64_TO_32_BIT_CONVERSION = YES;
				GCC_WARN_ABOUT_RETURN_TYPE = YES_ERROR;
				GCC_WARN_UNDECLARED_SELECTOR = YES;
				GCC_WARN_UNINITIALIZED_AUTOS = YES_AGGRESSIVE;
				GCC_WARN_UNUSED_FUNCTION = YES;
				GCC_WARN_UNUSED_VARIABLE = YES;
				INFOPLIST_FILE = tvOS/Info.plist;
				LD_RUNPATH_SEARCH_PATHS = "$(inherited) @executable_path/Frameworks";
				MTL_ENABLE_DEBUG_INFO = YES;
				ONLY_ACTIVE_ARCH = YES;
				PRODUCT_BUNDLE_IDENTIFIER = me.overacker.Zen;
				PRODUCT_NAME = "$(TARGET_NAME)";
				SDKROOT = appletvos;
				SWIFT_OPTIMIZATION_LEVEL = "-Onone";
				TARGETED_DEVICE_FAMILY = 3;
				TVOS_DEPLOYMENT_TARGET = 9.2;
			};
			name = Debug;
		};
		78C2BBB41CC1A52B008CD50E /* Release */ = {
			isa = XCBuildConfiguration;
			baseConfigurationReference = 35656356DB5AAF67609493B4 /* Pods-tvOS.release.xcconfig */;
			buildSettings = {
				ALWAYS_SEARCH_USER_PATHS = NO;
				ASSETCATALOG_COMPILER_APPICON_NAME = "App Icon & Top Shelf Image";
				ASSETCATALOG_COMPILER_LAUNCHIMAGE_NAME = LaunchImage;
				CLANG_ANALYZER_NONNULL = YES;
				CLANG_CXX_LANGUAGE_STANDARD = "gnu++0x";
				CLANG_CXX_LIBRARY = "libc++";
				CLANG_ENABLE_MODULES = YES;
				CLANG_ENABLE_OBJC_ARC = YES;
				CLANG_WARN_BOOL_CONVERSION = YES;
				CLANG_WARN_CONSTANT_CONVERSION = YES;
				CLANG_WARN_DIRECT_OBJC_ISA_USAGE = YES_ERROR;
				CLANG_WARN_EMPTY_BODY = YES;
				CLANG_WARN_ENUM_CONVERSION = YES;
				CLANG_WARN_INT_CONVERSION = YES;
				CLANG_WARN_OBJC_ROOT_CLASS = YES_ERROR;
				CLANG_WARN_UNREACHABLE_CODE = YES;
				CLANG_WARN__DUPLICATE_METHOD_MATCH = YES;
				COPY_PHASE_STRIP = NO;
				DEBUG_INFORMATION_FORMAT = "dwarf-with-dsym";
				ENABLE_NS_ASSERTIONS = NO;
				ENABLE_STRICT_OBJC_MSGSEND = YES;
				GCC_C_LANGUAGE_STANDARD = gnu99;
				GCC_NO_COMMON_BLOCKS = YES;
				GCC_WARN_64_TO_32_BIT_CONVERSION = YES;
				GCC_WARN_ABOUT_RETURN_TYPE = YES_ERROR;
				GCC_WARN_UNDECLARED_SELECTOR = YES;
				GCC_WARN_UNINITIALIZED_AUTOS = YES_AGGRESSIVE;
				GCC_WARN_UNUSED_FUNCTION = YES;
				GCC_WARN_UNUSED_VARIABLE = YES;
				INFOPLIST_FILE = tvOS/Info.plist;
				LD_RUNPATH_SEARCH_PATHS = "$(inherited) @executable_path/Frameworks";
				MTL_ENABLE_DEBUG_INFO = NO;
				PRODUCT_BUNDLE_IDENTIFIER = me.overacker.Zen;
				PRODUCT_NAME = "$(TARGET_NAME)";
				SDKROOT = appletvos;
				TARGETED_DEVICE_FAMILY = 3;
				TVOS_DEPLOYMENT_TARGET = 9.2;
				VALIDATE_PRODUCT = YES;
			};
			name = Release;
		};
		78C2BBB61CC1A52B008CD50E /* Debug */ = {
			isa = XCBuildConfiguration;
			baseConfigurationReference = 854369D022D256B3C12DAE38 /* Pods-tvOSTests.debug.xcconfig */;
			buildSettings = {
				ALWAYS_SEARCH_USER_PATHS = NO;
				BUNDLE_LOADER = "$(TEST_HOST)";
				CLANG_ANALYZER_NONNULL = YES;
				CLANG_CXX_LANGUAGE_STANDARD = "gnu++0x";
				CLANG_CXX_LIBRARY = "libc++";
				CLANG_ENABLE_MODULES = YES;
				CLANG_ENABLE_OBJC_ARC = YES;
				CLANG_WARN_BOOL_CONVERSION = YES;
				CLANG_WARN_CONSTANT_CONVERSION = YES;
				CLANG_WARN_DIRECT_OBJC_ISA_USAGE = YES_ERROR;
				CLANG_WARN_EMPTY_BODY = YES;
				CLANG_WARN_ENUM_CONVERSION = YES;
				CLANG_WARN_INT_CONVERSION = YES;
				CLANG_WARN_OBJC_ROOT_CLASS = YES_ERROR;
				CLANG_WARN_UNREACHABLE_CODE = YES;
				CLANG_WARN__DUPLICATE_METHOD_MATCH = YES;
				COPY_PHASE_STRIP = NO;
				DEBUG_INFORMATION_FORMAT = dwarf;
				ENABLE_STRICT_OBJC_MSGSEND = YES;
				ENABLE_TESTABILITY = YES;
				GCC_C_LANGUAGE_STANDARD = gnu99;
				GCC_DYNAMIC_NO_PIC = NO;
				GCC_NO_COMMON_BLOCKS = YES;
				GCC_OPTIMIZATION_LEVEL = 0;
				GCC_PREPROCESSOR_DEFINITIONS = (
					"DEBUG=1",
					"$(inherited)",
				);
				GCC_WARN_64_TO_32_BIT_CONVERSION = YES;
				GCC_WARN_ABOUT_RETURN_TYPE = YES_ERROR;
				GCC_WARN_UNDECLARED_SELECTOR = YES;
				GCC_WARN_UNINITIALIZED_AUTOS = YES_AGGRESSIVE;
				GCC_WARN_UNUSED_FUNCTION = YES;
				GCC_WARN_UNUSED_VARIABLE = YES;
				INFOPLIST_FILE = tvOSTests/Info.plist;
				LD_RUNPATH_SEARCH_PATHS = "$(inherited) @executable_path/Frameworks @loader_path/Frameworks";
				MTL_ENABLE_DEBUG_INFO = YES;
				ONLY_ACTIVE_ARCH = YES;
				PRODUCT_BUNDLE_IDENTIFIER = me.overacker.tvOSTests;
				PRODUCT_NAME = "$(TARGET_NAME)";
				SDKROOT = appletvos;
				TEST_HOST = "$(BUILT_PRODUCTS_DIR)/tvOS.app/tvOS";
				TVOS_DEPLOYMENT_TARGET = 9.2;
			};
			name = Debug;
		};
		78C2BBB71CC1A52B008CD50E /* Release */ = {
			isa = XCBuildConfiguration;
			baseConfigurationReference = 7A50432EFFE5036B0E0692EC /* Pods-tvOSTests.release.xcconfig */;
			buildSettings = {
				ALWAYS_SEARCH_USER_PATHS = NO;
				BUNDLE_LOADER = "$(TEST_HOST)";
				CLANG_ANALYZER_NONNULL = YES;
				CLANG_CXX_LANGUAGE_STANDARD = "gnu++0x";
				CLANG_CXX_LIBRARY = "libc++";
				CLANG_ENABLE_MODULES = YES;
				CLANG_ENABLE_OBJC_ARC = YES;
				CLANG_WARN_BOOL_CONVERSION = YES;
				CLANG_WARN_CONSTANT_CONVERSION = YES;
				CLANG_WARN_DIRECT_OBJC_ISA_USAGE = YES_ERROR;
				CLANG_WARN_EMPTY_BODY = YES;
				CLANG_WARN_ENUM_CONVERSION = YES;
				CLANG_WARN_INT_CONVERSION = YES;
				CLANG_WARN_OBJC_ROOT_CLASS = YES_ERROR;
				CLANG_WARN_UNREACHABLE_CODE = YES;
				CLANG_WARN__DUPLICATE_METHOD_MATCH = YES;
				COPY_PHASE_STRIP = NO;
				DEBUG_INFORMATION_FORMAT = "dwarf-with-dsym";
				ENABLE_NS_ASSERTIONS = NO;
				ENABLE_STRICT_OBJC_MSGSEND = YES;
				GCC_C_LANGUAGE_STANDARD = gnu99;
				GCC_NO_COMMON_BLOCKS = YES;
				GCC_WARN_64_TO_32_BIT_CONVERSION = YES;
				GCC_WARN_ABOUT_RETURN_TYPE = YES_ERROR;
				GCC_WARN_UNDECLARED_SELECTOR = YES;
				GCC_WARN_UNINITIALIZED_AUTOS = YES_AGGRESSIVE;
				GCC_WARN_UNUSED_FUNCTION = YES;
				GCC_WARN_UNUSED_VARIABLE = YES;
				INFOPLIST_FILE = tvOSTests/Info.plist;
				LD_RUNPATH_SEARCH_PATHS = "$(inherited) @executable_path/Frameworks @loader_path/Frameworks";
				MTL_ENABLE_DEBUG_INFO = NO;
				PRODUCT_BUNDLE_IDENTIFIER = me.overacker.tvOSTests;
				PRODUCT_NAME = "$(TARGET_NAME)";
				SDKROOT = appletvos;
				TEST_HOST = "$(BUILT_PRODUCTS_DIR)/tvOS.app/tvOS";
				TVOS_DEPLOYMENT_TARGET = 9.2;
				VALIDATE_PRODUCT = YES;
			};
			name = Release;
		};
/* End XCBuildConfiguration section */

/* Begin XCConfigurationList section */
		78C2BB6F1CC1A4B7008CD50E /* Build configuration list for PBXProject "Zen" */ = {
			isa = XCConfigurationList;
			buildConfigurations = (
				78C2BB701CC1A4B7008CD50E /* Debug */,
				78C2BB711CC1A4B7008CD50E /* Release */,
			);
			defaultConfigurationIsVisible = 0;
			defaultConfigurationName = Release;
		};
		78C2BB911CC1A4CC008CD50E /* Build configuration list for PBXNativeTarget "iOS" */ = {
			isa = XCConfigurationList;
			buildConfigurations = (
				78C2BB921CC1A4CC008CD50E /* Debug */,
				78C2BB931CC1A4CC008CD50E /* Release */,
			);
			defaultConfigurationIsVisible = 0;
			defaultConfigurationName = Release;
		};
		78C2BB941CC1A4CC008CD50E /* Build configuration list for PBXNativeTarget "iOSTests" */ = {
			isa = XCConfigurationList;
			buildConfigurations = (
				78C2BB951CC1A4CC008CD50E /* Debug */,
				78C2BB961CC1A4CC008CD50E /* Release */,
			);
			defaultConfigurationIsVisible = 0;
			defaultConfigurationName = Release;
		};
		78C2BBB21CC1A52B008CD50E /* Build configuration list for PBXNativeTarget "tvOS" */ = {
			isa = XCConfigurationList;
			buildConfigurations = (
				78C2BBB31CC1A52B008CD50E /* Debug */,
				78C2BBB41CC1A52B008CD50E /* Release */,
			);
			defaultConfigurationIsVisible = 0;
			defaultConfigurationName = Release;
		};
		78C2BBB51CC1A52B008CD50E /* Build configuration list for PBXNativeTarget "tvOSTests" */ = {
			isa = XCConfigurationList;
			buildConfigurations = (
				78C2BBB61CC1A52B008CD50E /* Debug */,
				78C2BBB71CC1A52B008CD50E /* Release */,
			);
			defaultConfigurationIsVisible = 0;
			defaultConfigurationName = Release;
		};
/* End XCConfigurationList section */
	};
	rootObject = 78C2BB6C1CC1A4B7008CD50E /* Project object */;
}
